# This file was autogenerated by Stack.
# You should not edit this file by hand.
# For more information, please see the documentation at:
#   https://docs.haskellstack.org/en/stable/lock_files

packages:
- completed:
    hackage: beam-mysql-0.2.0.0@sha256:6c64358de5094463a70e8c71dbc99a38ae937d04a44cee9858e8a0779bb7b8dd,2282
    pantry-tree:
      sha256: ed62694a4bf6afc18ab12dd7227d3aa64a575f387efe3b35fe95b1f3ce71a940
      size: 389
  original:
    hackage: beam-mysql-0.2.0.0@sha256:6c64358de5094463a70e8c71dbc99a38ae937d04a44cee9858e8a0779bb7b8dd,2282
snapshots:
- completed:
    sha256: 3770dfd79f5aed67acdcc65c4e7730adddffe6dba79ea723cfb0918356fc0f94
    size: 648660
    url: https://raw.githubusercontent.com/commercialhaskell/stackage-snapshots/master/lts/20/4.yaml
  original: lts-20.4
