# This file was autogenerated by Stack.
# You should not edit this file by hand.
# For more information, please see the documentation at:
#   https://docs.haskellstack.org/en/stable/lock_files

packages:
- completed:
    hackage: named-0.3.0.1@sha256:2975d50c9c5d88095026ffc1303d2d9be52e5f588a8f8bcb7003a04b79f10a06,2312
    pantry-tree:
      size: 426
      sha256: e0df5f146ecd48ef129dd74f868e8d2d754f0a11b36c5d0e56bd4b1947433c9f
  original:
    hackage: named-0.3.0.1@sha256:2975d50c9c5d88095026ffc1303d2d9be52e5f588a8f8bcb7003a04b79f10a06,2312
- completed:
    name: beam-mysql
    version: 0.3.0.0
    git: https://github.com/juspay/beam-mysql
    pantry-tree:
      size: 542
      sha256: c10362057a0140ebfc3050a26256da6d157eb652aad127282071807d383a0b3c
    commit: 5d17599e02f30c220b679439ee0c1025e3086250
  original:
    git: https://github.com/juspay/beam-mysql
    commit: 5d17599e02f30c220b679439ee0c1025e3086250
- completed:
    subdir: beam-core
    name: beam-core
    version: 0.9.0.0
    git: https://github.com/juspay/beam
    pantry-tree:
      size: 2623
      sha256: 365f420adf34642df7ffac56f80a578da48b3bebfac140748f3e163f83b4e37c
    commit: f6a35d5361e96c766ae977e9a07fa40c6622808e
  original:
    subdir: beam-core
    git: https://github.com/juspay/beam
    commit: f6a35d5361e96c766ae977e9a07fa40c6622808e
- completed:
    subdir: beam-migrate
    name: beam-migrate
    version: 0.5.0.0
    git: https://github.com/juspay/beam
    pantry-tree:
      size: 1825
      sha256: 3ef904145e6e05e2f1cf6558e40f109f2751f08d2f8ce446f4e43ab70675936b
    commit: f6a35d5361e96c766ae977e9a07fa40c6622808e
  original:
    subdir: beam-migrate
    git: https://github.com/juspay/beam
    commit: f6a35d5361e96c766ae977e9a07fa40c6622808e
- completed:
    subdir: beam-sqlite
    name: beam-sqlite
    version: 0.5.0.0
    git: https://github.com/juspay/beam
    pantry-tree:
      size: 859
      sha256: d28565e631ed326b35719b4f0b1825dbdda0daed39618bff3506b70f45b9d2e8
    commit: f6a35d5361e96c766ae977e9a07fa40c6622808e
  original:
    subdir: beam-sqlite
    git: https://github.com/juspay/beam
    commit: f6a35d5361e96c766ae977e9a07fa40c6622808e
- completed:
    subdir: beam-postgres
    name: beam-postgres
    version: 0.5.0.0
    git: https://github.com/juspay/beam
    pantry-tree:
      size: 2507
      sha256: 324e99224bacf35d65f138d68a21fdb6b5c2377b32517048ad9c4e43a75e0846
    commit: f6a35d5361e96c766ae977e9a07fa40c6622808e
  original:
    subdir: beam-postgres
    git: https://github.com/juspay/beam
    commit: f6a35d5361e96c766ae977e9a07fa40c6622808e
- completed:
    hackage: dependent-map-0.4.0.0@sha256:ca2b131046f4340a1c35d138c5a003fe4a5be96b14efc26291ed35fd08c62221,1657
    pantry-tree:
      size: 551
      sha256: 5defa30010904d2ad05a036f3eaf83793506717c93cbeb599f40db1a3632cfc5
  original:
    hackage: dependent-map-0.4.0.0@sha256:ca2b131046f4340a1c35d138c5a003fe4a5be96b14efc26291ed35fd08c62221,1657
- completed:
    hackage: dependent-sum-0.7.1.0@sha256:5599aa89637db434431b1dd3fa7c34bc3d565ee44f0519bfbc877be1927c2531,2068
    pantry-tree:
      size: 290
      sha256: 9cbfb32b5a8a782b7a1c941803fd517633cb699159b851c1d82267a9e9391b50
  original:
    hackage: dependent-sum-0.7.1.0@sha256:5599aa89637db434431b1dd3fa7c34bc3d565ee44f0519bfbc877be1927c2531,2068
- completed:
    hackage: haskell-src-exts-1.21.1@sha256:11d18ec3f463185f81b7819376b532e3087f8192cffc629aac5c9eec88897b35,4541
    pantry-tree:
      size: 95170
      sha256: 487db8defe20a7c8bdf5b4a9a68ec616a4349bdb643f2dc7c9d71e1a6495c8c7
  original:
    hackage: haskell-src-exts-1.21.1@sha256:11d18ec3f463185f81b7819376b532e3087f8192cffc629aac5c9eec88897b35,4541
- completed:
    hackage: sqlite-simple-0.4.18.0@sha256:3ceea56375c0a3590c814e411a4eb86943f8d31b93b110ca159c90689b6b39e5,3002
    pantry-tree:
      size: 1930
      sha256: e58b9955e483d51ee0966f8ba4384305d871480e2a38b32ee0fcd4573d74cf95
  original:
    hackage: sqlite-simple-0.4.18.0@sha256:3ceea56375c0a3590c814e411a4eb86943f8d31b93b110ca159c90689b6b39e5,3002
- completed:
    hackage: constraints-extras-0.3.0.2@sha256:bf6884be65958e9188ae3c9e5547abfd6d201df021bff8a4704c2c4fe1e1ae5b,1784
    pantry-tree:
      size: 594
      sha256: b0bcc96d375ee11b1972a2e9e8e42039b3f420b0e1c46e9c70652470445a6505
  original:
    hackage: constraints-extras-0.3.0.2@sha256:bf6884be65958e9188ae3c9e5547abfd6d201df021bff8a4704c2c4fe1e1ae5b,1784
- completed:
    hackage: direct-sqlite-2.3.26@sha256:04e835402f1508abca383182023e4e2b9b86297b8533afbd4e57d1a5652e0c23,3718
    pantry-tree:
      size: 770
      sha256: 11874ab21e10c5b54cd1e02a037b677dc1e2ee9986f38c599612c56654dc01c3
  original:
    hackage: direct-sqlite-2.3.26@sha256:04e835402f1508abca383182023e4e2b9b86297b8533afbd4e57d1a5652e0c23,3718
- completed:
    hackage: generic-lens-1.1.0.0@sha256:caaab13ae4f2a68e43671d25fb56746ba14bc9d5d787d594a66c7f56eba3fa66,6412
    pantry-tree:
      size: 4174
      sha256: 33e1509b7d786d816a0974f08cfb6208a7d02c7d45937bec2c91586523b14440
  original:
    hackage: generic-lens-1.1.0.0
snapshots:
- completed:
    size: 496112
    url: https://raw.githubusercontent.com/commercialhaskell/stackage-snapshots/master/lts/15/15.yaml
    sha256: 86169722ad0056ffc9eacc157ef80ee21d7024f92c0d2961c89ccf432db230a3
  original: lts-15.15
